
Microsoft Visual Studio Solution File, Format Version 12.00
# Visual Studio 14
VisualStudioVersion = 14.0.25420.1
MinimumVisualStudioVersion = 10.0.40219.1
Project("{FAE04EC0-301F-11D3-BF4B-00C04F79EFBC}") = "SSMLAlexaSkill", "SSMLAlexaSkill\SSMLAlexaSkill.csproj", "{B512294A-83CB-4B95-8AE5-80E5E8478768}"
EndProject
Global
	GlobalSection(SolutionConfigurationPlatforms) = preSolution
		Debug|Any CPU = Debug|Any CPU
		Release|Any CPU = Release|Any CPU
	EndGlobalSection
	GlobalSection(ProjectConfigurationPlatforms) = postSolution
		{B512294A-83CB-4B95-8AE5-80E5E8478768}.Debug|Any CPU.ActiveCfg = Debug|Any CPU
		{B512294A-83CB-4B95-8AE5-80E5E8478768}.Debug|Any CPU.Build.0 = Debug|Any CPU
		{B512294A-83CB-4B95-8AE5-80E5E8478768}.Release|Any CPU.ActiveCfg = Release|Any CPU
		{B512294A-83CB-4B95-8AE5-80E5E8478768}.Release|Any CPU.Build.0 = Release|Any CPU
	EndGlobalSection
	GlobalSection(SolutionProperties) = preSolution
		HideSolutionNode = FALSE
	EndGlobalSection
EndGlobal
